// !$*UTF8*$!
{
	archiveVersion = 1;
	classes = {
	};
	objectVersion = 56;
	objects = {

/* Begin PBXBuildFile section */
		24657D232A85190000B3B8D8 /* StartCollectionViewCell.swift in Sources */ = {isa = PBXBuildFile; fileRef = 24657D222A85190000B3B8D8 /* StartCollectionViewCell.swift */; };
		24657D252A851C5400B3B8D8 /* StartScreenCollection.swift in Sources */ = {isa = PBXBuildFile; fileRef = 24657D242A851C5400B3B8D8 /* StartScreenCollection.swift */; };
		24A3CBEE2A7802E200E0AF76 /* TopTenBasketballPlayerApp.swift in Sources */ = {isa = PBXBuildFile; fileRef = 24A3CBED2A7802E200E0AF76 /* TopTenBasketballPlayerApp.swift */; };
		24A3CBF22A7802E300E0AF76 /* Assets.xcassets in Resources */ = {isa = PBXBuildFile; fileRef = 24A3CBF12A7802E300E0AF76 /* Assets.xcassets */; };
		24A3CBF52A7802E300E0AF76 /* Preview Assets.xcassets in Resources */ = {isa = PBXBuildFile; fileRef = 24A3CBF42A7802E300E0AF76 /* Preview Assets.xcassets */; };
		24A3CBFC2A78033000E0AF76 /* BasketballPlayerModel.swift in Sources */ = {isa = PBXBuildFile; fileRef = 24A3CBFB2A78033000E0AF76 /* BasketballPlayerModel.swift */; };
		24A3CBFE2A7803F400E0AF76 /* PlayerCell.swift in Sources */ = {isa = PBXBuildFile; fileRef = 24A3CBFD2A7803F400E0AF76 /* PlayerCell.swift */; };
		24A3CC022A78144F00E0AF76 /* PersonalPlayerScreen.swift in Sources */ = {isa = PBXBuildFile; fileRef = 24A3CC012A78144F00E0AF76 /* PersonalPlayerScreen.swift */; };
		24AB82332A7D4E9D00A9B154 /* MainViewForData.swift in Sources */ = {isa = PBXBuildFile; fileRef = 24AB82322A7D4E9D00A9B154 /* MainViewForData.swift */; };
		24B8D3CA2A7BD6AF0084A4D3 /* StructForJson.swift in Sources */ = {isa = PBXBuildFile; fileRef = 24B8D3C92A7BD6AF0084A4D3 /* StructForJson.swift */; };
		24B8D3CC2A7BD7FF0084A4D3 /* ApiPlayers.swift in Sources */ = {isa = PBXBuildFile; fileRef = 24B8D3CB2A7BD7FF0084A4D3 /* ApiPlayers.swift */; };
/* End PBXBuildFile section */

/* Begin PBXFileReference section */
		24657D222A85190000B3B8D8 /* StartCollectionViewCell.swift */ = {isa = PBXFileReference; lastKnownFileType = sourcecode.swift; path = StartCollectionViewCell.swift; sourceTree = "<group>"; };
		24657D242A851C5400B3B8D8 /* StartScreenCollection.swift */ = {isa = PBXFileReference; lastKnownFileType = sourcecode.swift; path = StartScreenCollection.swift; sourceTree = "<group>"; };
		24A3CBEA2A7802E200E0AF76 /* TopTenBasketballPlayer.app */ = {isa = PBXFileReference; explicitFileType = wrapper.application; includeInIndex = 0; path = TopTenBasketballPlayer.app; sourceTree = BUILT_PRODUCTS_DIR; };
		24A3CBED2A7802E200E0AF76 /* TopTenBasketballPlayerApp.swift */ = {isa = PBXFileReference; lastKnownFileType = sourcecode.swift; path = TopTenBasketballPlayerApp.swift; sourceTree = "<group>"; };
		24A3CBF12A7802E300E0AF76 /* Assets.xcassets */ = {isa = PBXFileReference; lastKnownFileType = folder.assetcatalog; path = Assets.xcassets; sourceTree = "<group>"; };
		24A3CBF42A7802E300E0AF76 /* Preview Assets.xcassets */ = {isa = PBXFileReference; lastKnownFileType = folder.assetcatalog; path = "Preview Assets.xcassets"; sourceTree = "<group>"; };
		24A3CBFB2A78033000E0AF76 /* BasketballPlayerModel.swift */ = {isa = PBXFileReference; lastKnownFileType = sourcecode.swift; path = BasketballPlayerModel.swift; sourceTree = "<group>"; };
		24A3CBFD2A7803F400E0AF76 /* PlayerCell.swift */ = {isa = PBXFileReference; lastKnownFileType = sourcecode.swift; path = PlayerCell.swift; sourceTree = "<group>"; };
		24A3CC012A78144F00E0AF76 /* PersonalPlayerScreen.swift */ = {isa = PBXFileReference; lastKnownFileType = sourcecode.swift; path = PersonalPlayerScreen.swift; sourceTree = "<group>"; };
		24AB82322A7D4E9D00A9B154 /* MainViewForData.swift */ = {isa = PBXFileReference; lastKnownFileType = sourcecode.swift; path = MainViewForData.swift; sourceTree = "<group>"; };
		24B8D3C92A7BD6AF0084A4D3 /* StructForJson.swift */ = {isa = PBXFileReference; lastKnownFileType = sourcecode.swift; path = StructForJson.swift; sourceTree = "<group>"; };
		24B8D3CB2A7BD7FF0084A4D3 /* ApiPlayers.swift */ = {isa = PBXFileReference; lastKnownFileType = sourcecode.swift; path = ApiPlayers.swift; sourceTree = "<group>"; };
/* End PBXFileReference section */

/* Begin PBXFrameworksBuildPhase section */
		24A3CBE72A7802E200E0AF76 /* Frameworks */ = {
			isa = PBXFrameworksBuildPhase;
			buildActionMask = 2147483647;
			files = (
			);
			runOnlyForDeploymentPostprocessing = 0;
		};
/* End PBXFrameworksBuildPhase section */

/* Begin PBXGroup section */
		24288D732A7BAED600647837 /* Model */ = {
			isa = PBXGroup;
			children = (
				24A3CBFB2A78033000E0AF76 /* BasketballPlayerModel.swift */,
			);
			path = Model;
			sourceTree = "<group>";
		};
		24288D742A7BAEF100647837 /* View */ = {
			isa = PBXGroup;
			children = (
				24A3CBFD2A7803F400E0AF76 /* PlayerCell.swift */,
				24AB82322A7D4E9D00A9B154 /* MainViewForData.swift */,
				24A3CC012A78144F00E0AF76 /* PersonalPlayerScreen.swift */,
				24657D222A85190000B3B8D8 /* StartCollectionViewCell.swift */,
				24657D242A851C5400B3B8D8 /* StartScreenCollection.swift */,
				24B8D3C82A7BD6730084A4D3 /* NetWorking */,
			);
			path = View;
			sourceTree = "<group>";
		};
		24A3CBE12A7802E200E0AF76 = {
			isa = PBXGroup;
			children = (
				24288D732A7BAED600647837 /* Model */,
				24288D742A7BAEF100647837 /* View */,
				24A3CBEC2A7802E200E0AF76 /* TopTenBasketballPlayer */,
				24A3CBEB2A7802E200E0AF76 /* Products */,
			);
			sourceTree = "<group>";
		};
		24A3CBEB2A7802E200E0AF76 /* Products */ = {
			isa = PBXGroup;
			children = (
				24A3CBEA2A7802E200E0AF76 /* TopTenBasketballPlayer.app */,
			);
			name = Products;
			sourceTree = "<group>";
		};
		24A3CBEC2A7802E200E0AF76 /* TopTenBasketballPlayer */ = {
			isa = PBXGroup;
			children = (
				24A3CBED2A7802E200E0AF76 /* TopTenBasketballPlayerApp.swift */,
				24A3CBF12A7802E300E0AF76 /* Assets.xcassets */,
				24A3CBF32A7802E300E0AF76 /* Preview Content */,
			);
			path = TopTenBasketballPlayer;
			sourceTree = "<group>";
		};
		24A3CBF32A7802E300E0AF76 /* Preview Content */ = {
			isa = PBXGroup;
			children = (
				24A3CBF42A7802E300E0AF76 /* Preview Assets.xcassets */,
			);
			path = "Preview Content";
			sourceTree = "<group>";
		};
		24B8D3C82A7BD6730084A4D3 /* NetWorking */ = {
			isa = PBXGroup;
			children = (
				24B8D3C92A7BD6AF0084A4D3 /* StructForJson.swift */,
				24B8D3CB2A7BD7FF0084A4D3 /* ApiPlayers.swift */,
			);
			path = NetWorking;
			sourceTree = "<group>";
		};
/* End PBXGroup section */

/* Begin PBXNativeTarget section */
		24A3CBE92A7802E200E0AF76 /* TopTenBasketballPlayer */ = {
			isa = PBXNativeTarget;
			buildConfigurationList = 24A3CBF82A7802E300E0AF76 /* Build configuration list for PBXNativeTarget "TopTenBasketballPlayer" */;
			buildPhases = (
				24A3CBE62A7802E200E0AF76 /* Sources */,
				24A3CBE72A7802E200E0AF76 /* Frameworks */,
				24A3CBE82A7802E200E0AF76 /* Resources */,
			);
			buildRules = (
			);
			dependencies = (
			);
			name = TopTenBasketballPlayer;
			productName = TopTenBasketballPlayer;
			productReference = 24A3CBEA2A7802E200E0AF76 /* TopTenBasketballPlayer.app */;
			productType = "com.apple.product-type.application";
		};
/* End PBXNativeTarget section */

/* Begin PBXProject section */
		24A3CBE22A7802E200E0AF76 /* Project object */ = {
			isa = PBXProject;
			attributes = {
				BuildIndependentTargetsInParallel = 1;
				LastSwiftUpdateCheck = 1430;
				LastUpgradeCheck = 1430;
				TargetAttributes = {
					24A3CBE92A7802E200E0AF76 = {
						CreatedOnToolsVersion = 14.3;
					};
				};
			};
			buildConfigurationList = 24A3CBE52A7802E200E0AF76 /* Build configuration list for PBXProject "TopTenBasketballPlayer" */;
			compatibilityVersion = "Xcode 14.0";
			developmentRegion = en;
			hasScannedForEncodings = 0;
			knownRegions = (
				en,
				Base,
			);
			mainGroup = 24A3CBE12A7802E200E0AF76;
			productRefGroup = 24A3CBEB2A7802E200E0AF76 /* Products */;
			projectDirPath = "";
			projectRoot = "";
			targets = (
				24A3CBE92A7802E200E0AF76 /* TopTenBasketballPlayer */,
			);
		};
/* End PBXProject section */

/* Begin PBXResourcesBuildPhase section */
		24A3CBE82A7802E200E0AF76 /* Resources */ = {
			isa = PBXResourcesBuildPhase;
			buildActionMask = 2147483647;
			files = (
				24A3CBF52A7802E300E0AF76 /* Preview Assets.xcassets in Resources */,
				24A3CBF22A7802E300E0AF76 /* Assets.xcassets in Resources */,
			);
			runOnlyForDeploymentPostprocessing = 0;
		};
/* End PBXResourcesBuildPhase section */

/* Begin PBXSourcesBuildPhase section */
		24A3CBE62A7802E200E0AF76 /* Sources */ = {
			isa = PBXSourcesBuildPhase;
			buildActionMask = 2147483647;
			files = (
				24AB82332A7D4E9D00A9B154 /* MainViewForData.swift in Sources */,
				24657D252A851C5400B3B8D8 /* StartScreenCollection.swift in Sources */,
				24B8D3CC2A7BD7FF0084A4D3 /* ApiPlayers.swift in Sources */,
				24A3CC022A78144F00E0AF76 /* PersonalPlayerScreen.swift in Sources */,
				24A3CBFE2A7803F400E0AF76 /* PlayerCell.swift in Sources */,
				24B8D3CA2A7BD6AF0084A4D3 /* StructForJson.swift in Sources */,
				24A3CBFC2A78033000E0AF76 /* BasketballPlayerModel.swift in Sources */,
				24A3CBEE2A7802E200E0AF76 /* TopTenBasketballPlayerApp.swift in Sources */,
				24657D232A85190000B3B8D8 /* StartCollectionViewCell.swift in Sources */,
			);
			runOnlyForDeploymentPostprocessing = 0;
		};
/* End PBXSourcesBuildPhase section */

/* Begin XCBuildConfiguration section */
		24A3CBF62A7802E300E0AF76 /* Debug */ = {
			isa = XCBuildConfiguration;
			buildSettings = {
				ALWAYS_SEARCH_USER_PATHS = NO;
				CLANG_ANALYZER_NONNULL = YES;
				CLANG_ANALYZER_NUMBER_OBJECT_CONVERSION = YES_AGGRESSIVE;
				CLANG_CXX_LANGUAGE_STANDARD = "gnu++20";
				CLANG_ENABLE_MODULES = YES;
				CLANG_ENABLE_OBJC_ARC = YES;
				CLANG_ENABLE_OBJC_WEAK = YES;
				CLANG_WARN_BLOCK_CAPTURE_AUTORELEASING = YES;
				CLANG_WARN_BOOL_CONVERSION = YES;
				CLANG_WARN_COMMA = YES;
				CLANG_WARN_CONSTANT_CONVERSION = YES;
				CLANG_WARN_DEPRECATED_OBJC_IMPLEMENTATIONS = YES;
				CLANG_WARN_DIRECT_OBJC_ISA_USAGE = YES_ERROR;
				CLANG_WARN_DOCUMENTATION_COMMENTS = YES;
				CLANG_WARN_EMPTY_BODY = YES;
				CLANG_WARN_ENUM_CONVERSION = YES;
				CLANG_WARN_INFINITE_RECURSION = YES;
				CLANG_WARN_INT_CONVERSION = YES;
				CLANG_WARN_NON_LITERAL_NULL_CONVERSION = YES;
				CLANG_WARN_OBJC_IMPLICIT_RETAIN_SELF = YES;
				CLANG_WARN_OBJC_LITERAL_CONVERSION = YES;
				CLANG_WARN_OBJC_ROOT_CLASS = YES_ERROR;
				CLANG_WARN_QUOTED_INCLUDE_IN_FRAMEWORK_HEADER = YES;
				CLANG_WARN_RANGE_LOOP_ANALYSIS = YES;
				CLANG_WARN_STRICT_PROTOTYPES = YES;
				CLANG_WARN_SUSPICIOUS_MOVE = YES;
				CLANG_WARN_UNGUARDED_AVAILABILITY = YES_AGGRESSIVE;
				CLANG_WARN_UNREACHABLE_CODE = YES;
				CLANG_WARN__DUPLICATE_METHOD_MATCH = YES;
				COPY_PHASE_STRIP = NO;
				DEBUG_INFORMATION_FORMAT = dwarf;
				ENABLE_STRICT_OBJC_MSGSEND = YES;
				ENABLE_TESTABILITY = YES;
				GCC_C_LANGUAGE_STANDARD = gnu11;
				GCC_DYNAMIC_NO_PIC = NO;
				GCC_NO_COMMON_BLOCKS = YES;
				GCC_OPTIMIZATION_LEVEL = 0;
				GCC_PREPROCESSOR_DEFINITIONS = (
					"DEBUG=1",
					"$(inherited)",
				);
				GCC_WARN_64_TO_32_BIT_CONVERSION = YES;
				GCC_WARN_ABOUT_RETURN_TYPE = YES_ERROR;
				GCC_WARN_UNDECLARED_SELECTOR = YES;
				GCC_WARN_UNINITIALIZED_AUTOS = YES_AGGRESSIVE;
				GCC_WARN_UNUSED_FUNCTION = YES;
				GCC_WARN_UNUSED_VARIABLE = YES;
				IPHONEOS_DEPLOYMENT_TARGET = 16.4;
				MTL_ENABLE_DEBUG_INFO = INCLUDE_SOURCE;
				MTL_FAST_MATH = YES;
				ONLY_ACTIVE_ARCH = YES;
				SDKROOT = iphoneos;
				SWIFT_ACTIVE_COMPILATION_CONDITIONS = DEBUG;
				SWIFT_OPTIMIZATION_LEVEL = "-Onone";
			};
			name = Debug;
		};
		24A3CBF72A7802E300E0AF76 /* Release */ = {
			isa = XCBuildConfiguration;
			buildSettings = {
				ALWAYS_SEARCH_USER_PATHS = NO;
				CLANG_ANALYZER_NONNULL = YES;
				CLANG_ANALYZER_NUMBER_OBJECT_CONVERSION = YES_AGGRESSIVE;
				CLANG_CXX_LANGUAGE_STANDARD = "gnu++20";
				CLANG_ENABLE_MODULES = YES;
				CLANG_ENABLE_OBJC_ARC = YES;
				CLANG_ENABLE_OBJC_WEAK = YES;
				CLANG_WARN_BLOCK_CAPTURE_AUTORELEASING = YES;
				CLANG_WARN_BOOL_CONVERSION = YES;
				CLANG_WARN_COMMA = YES;
				CLANG_WARN_CONSTANT_CONVERSION = YES;
				CLANG_WARN_DEPRECATED_OBJC_IMPLEMENTATIONS = YES;
				CLANG_WARN_DIRECT_OBJC_ISA_USAGE = YES_ERROR;
				CLANG_WARN_DOCUMENTATION_COMMENTS = YES;
				CLANG_WARN_EMPTY_BODY = YES;
				CLANG_WARN_ENUM_CONVERSION = YES;
				CLANG_WARN_INFINITE_RECURSION = YES;
				CLANG_WARN_INT_CONVERSION = YES;
				CLANG_WARN_NON_LITERAL_NULL_CONVERSION = YES;
				CLANG_WARN_OBJC_IMPLICIT_RETAIN_SELF = YES;
				CLANG_WARN_OBJC_LITERAL_CONVERSION = YES;
				CLANG_WARN_OBJC_ROOT_CLASS = YES_ERROR;
				CLANG_WARN_QUOTED_INCLUDE_IN_FRAMEWORK_HEADER = YES;
				CLANG_WARN_RANGE_LOOP_ANALYSIS = YES;
				CLANG_WARN_STRICT_PROTOTYPES = YES;
				CLANG_WARN_SUSPICIOUS_MOVE = YES;
				CLANG_WARN_UNGUARDED_AVAILABILITY = YES_AGGRESSIVE;
				CLANG_WARN_UNREACHABLE_CODE = YES;
				CLANG_WARN__DUPLICATE_METHOD_MATCH = YES;
				COPY_PHASE_STRIP = NO;
				DEBUG_INFORMATION_FORMAT = "dwarf-with-dsym";
				ENABLE_NS_ASSERTIONS = NO;
				ENABLE_STRICT_OBJC_MSGSEND = YES;
				GCC_C_LANGUAGE_STANDARD = gnu11;
				GCC_NO_COMMON_BLOCKS = YES;
				GCC_WARN_64_TO_32_BIT_CONVERSION = YES;
				GCC_WARN_ABOUT_RETURN_TYPE = YES_ERROR;
				GCC_WARN_UNDECLARED_SELECTOR = YES;
				GCC_WARN_UNINITIALIZED_AUTOS = YES_AGGRESSIVE;
				GCC_WARN_UNUSED_FUNCTION = YES;
				GCC_WARN_UNUSED_VARIABLE = YES;
				IPHONEOS_DEPLOYMENT_TARGET = 16.4;
				MTL_ENABLE_DEBUG_INFO = NO;
				MTL_FAST_MATH = YES;
				SDKROOT = iphoneos;
				SWIFT_COMPILATION_MODE = wholemodule;
				SWIFT_OPTIMIZATION_LEVEL = "-O";
				VALIDATE_PRODUCT = YES;
			};
			name = Release;
		};
		24A3CBF92A7802E300E0AF76 /* Debug */ = {
			isa = XCBuildConfiguration;
			buildSettings = {
				ASSETCATALOG_COMPILER_APPICON_NAME = AppIcon;
				ASSETCATALOG_COMPILER_GLOBAL_ACCENT_COLOR_NAME = AccentColor;
				CODE_SIGN_STYLE = Automatic;
				CURRENT_PROJECT_VERSION = 1;
				DEVELOPMENT_ASSET_PATHS = "\"TopTenBasketballPlayer/Preview Content\"";
				ENABLE_PREVIEWS = YES;
				GENERATE_INFOPLIST_FILE = YES;
				INFOPLIST_KEY_UIApplicationSceneManifest_Generation = YES;
				INFOPLIST_KEY_UIApplicationSupportsIndirectInputEvents = YES;
				INFOPLIST_KEY_UILaunchScreen_Generation = YES;
				INFOPLIST_KEY_UISupportedInterfaceOrientations_iPad = "UIInterfaceOrientationPortrait UIInterfaceOrientationPortraitUpsideDown UIInterfaceOrientationLandscapeLeft UIInterfaceOrientationLandscapeRight";
				INFOPLIST_KEY_UISupportedInterfaceOrientations_iPhone = "UIInterfaceOrientationPortrait UIInterfaceOrientationLandscapeLeft UIInterfaceOrientationLandscapeRight";
				LD_RUNPATH_SEARCH_PATHS = (
					"$(inherited)",
					"@executable_path/Frameworks",
				);
				MARKETING_VERSION = 1.0;
				PRODUCT_BUNDLE_IDENTIFIER = me.TopTenBasketballPlayer;
				PRODUCT_NAME = "$(TARGET_NAME)";
				SWIFT_EMIT_LOC_STRINGS = YES;
				SWIFT_VERSION = 5.0;
				TARGETED_DEVICE_FAMILY = "1,2";
			};
			name = Debug;
		};
		24A3CBFA2A7802E300E0AF76 /* Release */ = {
			isa = XCBuildConfiguration;
			buildSettings = {
				ASSETCATALOG_COMPILER_APPICON_NAME = AppIcon;
				ASSETCATALOG_COMPILER_GLOBAL_ACCENT_COLOR_NAME = AccentColor;
				CODE_SIGN_STYLE = Automatic;
				CURRENT_PROJECT_VERSION = 1;
				DEVELOPMENT_ASSET_PATHS = "\"TopTenBasketballPlayer/Preview Content\"";
				ENABLE_PREVIEWS = YES;
				GENERATE_INFOPLIST_FILE = YES;
				INFOPLIST_KEY_UIApplicationSceneManifest_Generation = YES;
				INFOPLIST_KEY_UIApplicationSupportsIndirectInputEvents = YES;
				INFOPLIST_KEY_UILaunchScreen_Generation = YES;
				INFOPLIST_KEY_UISupportedInterfaceOrientations_iPad = "UIInterfaceOrientationPortrait UIInterfaceOrientationPortraitUpsideDown UIInterfaceOrientationLandscapeLeft UIInterfaceOrientationLandscapeRight";
				INFOPLIST_KEY_UISupportedInterfaceOrientations_iPhone = "UIInterfaceOrientationPortrait UIInterfaceOrientationLandscapeLeft UIInterfaceOrientationLandscapeRight";
				LD_RUNPATH_SEARCH_PATHS = (
					"$(inherited)",
					"@executable_path/Frameworks",
				);
				MARKETING_VERSION = 1.0;
				PRODUCT_BUNDLE_IDENTIFIER = me.TopTenBasketballPlayer;
				PRODUCT_NAME = "$(TARGET_NAME)";
				SWIFT_EMIT_LOC_STRINGS = YES;
				SWIFT_VERSION = 5.0;
				TARGETED_DEVICE_FAMILY = "1,2";
			};
			name = Release;
		};
/* End XCBuildConfiguration section */

/* Begin XCConfigurationList section */
		24A3CBE52A7802E200E0AF76 /* Build configuration list for PBXProject "TopTenBasketballPlayer" */ = {
			isa = XCConfigurationList;
			buildConfigurations = (
				24A3CBF62A7802E300E0AF76 /* Debug */,
				24A3CBF72A7802E300E0AF76 /* Release */,
			);
			defaultConfigurationIsVisible = 0;
			defaultConfigurationName = Release;
		};
		24A3CBF82A7802E300E0AF76 /* Build configuration list for PBXNativeTarget "TopTenBasketballPlayer" */ = {
			isa = XCConfigurationList;
			buildConfigurations = (
				24A3CBF92A7802E300E0AF76 /* Debug */,
				24A3CBFA2A7802E300E0AF76 /* Release */,
			);
			defaultConfigurationIsVisible = 0;
			defaultConfigurationName = Release;
		};
/* End XCConfigurationList section */
	};
	rootObject = 24A3CBE22A7802E200E0AF76 /* Project object */;
}
