// !$*UTF8*$!
{
	archiveVersion = 1;
	classes = {
	};
	objectVersion = 56;
	objects = {

/* Begin PBXBuildFile section */
		244EE61F2A8E566400DEC441 /* TheWeatherAppThreeApp.swift in Sources */ = {isa = PBXBuildFile; fileRef = 244EE61E2A8E566400DEC441 /* TheWeatherAppThreeApp.swift */; };
		244EE6212A8E566400DEC441 /* ContentView.swift in Sources */ = {isa = PBXBuildFile; fileRef = 244EE6202A8E566400DEC441 /* ContentView.swift */; };
		244EE6232A8E566500DEC441 /* Assets.xcassets in Resources */ = {isa = PBXBuildFile; fileRef = 244EE6222A8E566500DEC441 /* Assets.xcassets */; };
		244EE6262A8E566500DEC441 /* Preview Assets.xcassets in Resources */ = {isa = PBXBuildFile; fileRef = 244EE6252A8E566500DEC441 /* Preview Assets.xcassets */; };
		244EE62D2A8E568000DEC441 /* WeatherViewModel.swift in Sources */ = {isa = PBXBuildFile; fileRef = 244EE62C2A8E568000DEC441 /* WeatherViewModel.swift */; };
		244EE62F2A8E59A200DEC441 /* WeatherView.swift in Sources */ = {isa = PBXBuildFile; fileRef = 244EE62E2A8E59A200DEC441 /* WeatherView.swift */; };
		244EE6312A8E59EE00DEC441 /* WeatherData.swift in Sources */ = {isa = PBXBuildFile; fileRef = 244EE6302A8E59EE00DEC441 /* WeatherData.swift */; };
		244EE6352A8E5A7C00DEC441 /* WeatherApi.swift in Sources */ = {isa = PBXBuildFile; fileRef = 244EE6342A8E5A7C00DEC441 /* WeatherApi.swift */; };
/* End PBXBuildFile section */

/* Begin PBXFileReference section */
		244EE61B2A8E566400DEC441 /* TheWeatherAppThree.app */ = {isa = PBXFileReference; explicitFileType = wrapper.application; includeInIndex = 0; path = TheWeatherAppThree.app; sourceTree = BUILT_PRODUCTS_DIR; };
		244EE61E2A8E566400DEC441 /* TheWeatherAppThreeApp.swift */ = {isa = PBXFileReference; lastKnownFileType = sourcecode.swift; path = TheWeatherAppThreeApp.swift; sourceTree = "<group>"; };
		244EE6202A8E566400DEC441 /* ContentView.swift */ = {isa = PBXFileReference; lastKnownFileType = sourcecode.swift; path = ContentView.swift; sourceTree = "<group>"; };
		244EE6222A8E566500DEC441 /* Assets.xcassets */ = {isa = PBXFileReference; lastKnownFileType = folder.assetcatalog; path = Assets.xcassets; sourceTree = "<group>"; };
		244EE6252A8E566500DEC441 /* Preview Assets.xcassets */ = {isa = PBXFileReference; lastKnownFileType = folder.assetcatalog; path = "Preview Assets.xcassets"; sourceTree = "<group>"; };
		244EE62C2A8E568000DEC441 /* WeatherViewModel.swift */ = {isa = PBXFileReference; lastKnownFileType = sourcecode.swift; path = WeatherViewModel.swift; sourceTree = "<group>"; };
		244EE62E2A8E59A200DEC441 /* WeatherView.swift */ = {isa = PBXFileReference; lastKnownFileType = sourcecode.swift; path = WeatherView.swift; sourceTree = "<group>"; };
		244EE6302A8E59EE00DEC441 /* WeatherData.swift */ = {isa = PBXFileReference; lastKnownFileType = sourcecode.swift; path = WeatherData.swift; sourceTree = "<group>"; };
		244EE6342A8E5A7C00DEC441 /* WeatherApi.swift */ = {isa = PBXFileReference; lastKnownFileType = sourcecode.swift; path = WeatherApi.swift; sourceTree = "<group>"; };
		244EE6362A8E5CA000DEC441 /* Info.plist */ = {isa = PBXFileReference; lastKnownFileType = text.plist; path = Info.plist; sourceTree = "<group>"; };
/* End PBXFileReference section */

/* Begin PBXFrameworksBuildPhase section */
		244EE6182A8E566400DEC441 /* Frameworks */ = {
			isa = PBXFrameworksBuildPhase;
			buildActionMask = 2147483647;
			files = (
			);
			runOnlyForDeploymentPostprocessing = 0;
		};
/* End PBXFrameworksBuildPhase section */

/* Begin PBXGroup section */
		244EE6122A8E566400DEC441 = {
			isa = PBXGroup;
			children = (
				244EE61D2A8E566400DEC441 /* TheWeatherAppThree */,
				244EE61C2A8E566400DEC441 /* Products */,
			);
			sourceTree = "<group>";
		};
		244EE61C2A8E566400DEC441 /* Products */ = {
			isa = PBXGroup;
			children = (
				244EE61B2A8E566400DEC441 /* TheWeatherAppThree.app */,
			);
			name = Products;
			sourceTree = "<group>";
		};
		244EE61D2A8E566400DEC441 /* TheWeatherAppThree */ = {
			isa = PBXGroup;
			children = (
				244EE6362A8E5CA000DEC441 /* Info.plist */,
				244EE61E2A8E566400DEC441 /* TheWeatherAppThreeApp.swift */,
				244EE62C2A8E568000DEC441 /* WeatherViewModel.swift */,
				244EE6322A8E5A3A00DEC441 /* Views */,
				244EE6332A8E5A5200DEC441 /* Networking */,
				244EE6222A8E566500DEC441 /* Assets.xcassets */,
				244EE6242A8E566500DEC441 /* Preview Content */,
			);
			path = TheWeatherAppThree;
			sourceTree = "<group>";
		};
		244EE6242A8E566500DEC441 /* Preview Content */ = {
			isa = PBXGroup;
			children = (
				244EE6252A8E566500DEC441 /* Preview Assets.xcassets */,
			);
			path = "Preview Content";
			sourceTree = "<group>";
		};
		244EE6322A8E5A3A00DEC441 /* Views */ = {
			isa = PBXGroup;
			children = (
				244EE62E2A8E59A200DEC441 /* WeatherView.swift */,
				244EE6202A8E566400DEC441 /* ContentView.swift */,
			);
			path = Views;
			sourceTree = "<group>";
		};
		244EE6332A8E5A5200DEC441 /* Networking */ = {
			isa = PBXGroup;
			children = (
				244EE6302A8E59EE00DEC441 /* WeatherData.swift */,
				244EE6342A8E5A7C00DEC441 /* WeatherApi.swift */,
			);
			path = Networking;
			sourceTree = "<group>";
		};
/* End PBXGroup section */

/* Begin PBXNativeTarget section */
		244EE61A2A8E566400DEC441 /* TheWeatherAppThree */ = {
			isa = PBXNativeTarget;
			buildConfigurationList = 244EE6292A8E566500DEC441 /* Build configuration list for PBXNativeTarget "TheWeatherAppThree" */;
			buildPhases = (
				244EE6172A8E566400DEC441 /* Sources */,
				244EE6182A8E566400DEC441 /* Frameworks */,
				244EE6192A8E566400DEC441 /* Resources */,
			);
			buildRules = (
			);
			dependencies = (
			);
			name = TheWeatherAppThree;
			productName = TheWeatherAppThree;
			productReference = 244EE61B2A8E566400DEC441 /* TheWeatherAppThree.app */;
			productType = "com.apple.product-type.application";
		};
/* End PBXNativeTarget section */

/* Begin PBXProject section */
		244EE6132A8E566400DEC441 /* Project object */ = {
			isa = PBXProject;
			attributes = {
				BuildIndependentTargetsInParallel = 1;
				LastSwiftUpdateCheck = 1430;
				LastUpgradeCheck = 1430;
				TargetAttributes = {
					244EE61A2A8E566400DEC441 = {
						CreatedOnToolsVersion = 14.3;
					};
				};
			};
			buildConfigurationList = 244EE6162A8E566400DEC441 /* Build configuration list for PBXProject "TheWeatherAppThree" */;
			compatibilityVersion = "Xcode 14.0";
			developmentRegion = en;
			hasScannedForEncodings = 0;
			knownRegions = (
				en,
				Base,
			);
			mainGroup = 244EE6122A8E566400DEC441;
			productRefGroup = 244EE61C2A8E566400DEC441 /* Products */;
			projectDirPath = "";
			projectRoot = "";
			targets = (
				244EE61A2A8E566400DEC441 /* TheWeatherAppThree */,
			);
		};
/* End PBXProject section */

/* Begin PBXResourcesBuildPhase section */
		244EE6192A8E566400DEC441 /* Resources */ = {
			isa = PBXResourcesBuildPhase;
			buildActionMask = 2147483647;
			files = (
				244EE6262A8E566500DEC441 /* Preview Assets.xcassets in Resources */,
				244EE6232A8E566500DEC441 /* Assets.xcassets in Resources */,
			);
			runOnlyForDeploymentPostprocessing = 0;
		};
/* End PBXResourcesBuildPhase section */

/* Begin PBXSourcesBuildPhase section */
		244EE6172A8E566400DEC441 /* Sources */ = {
			isa = PBXSourcesBuildPhase;
			buildActionMask = 2147483647;
			files = (
				244EE6212A8E566400DEC441 /* ContentView.swift in Sources */,
				244EE6312A8E59EE00DEC441 /* WeatherData.swift in Sources */,
				244EE62D2A8E568000DEC441 /* WeatherViewModel.swift in Sources */,
				244EE61F2A8E566400DEC441 /* TheWeatherAppThreeApp.swift in Sources */,
				244EE62F2A8E59A200DEC441 /* WeatherView.swift in Sources */,
				244EE6352A8E5A7C00DEC441 /* WeatherApi.swift in Sources */,
			);
			runOnlyForDeploymentPostprocessing = 0;
		};
/* End PBXSourcesBuildPhase section */

/* Begin XCBuildConfiguration section */
		244EE6272A8E566500DEC441 /* Debug */ = {
			isa = XCBuildConfiguration;
			buildSettings = {
				ALWAYS_SEARCH_USER_PATHS = NO;
				CLANG_ANALYZER_NONNULL = YES;
				CLANG_ANALYZER_NUMBER_OBJECT_CONVERSION = YES_AGGRESSIVE;
				CLANG_CXX_LANGUAGE_STANDARD = "gnu++20";
				CLANG_ENABLE_MODULES = YES;
				CLANG_ENABLE_OBJC_ARC = YES;
				CLANG_ENABLE_OBJC_WEAK = YES;
				CLANG_WARN_BLOCK_CAPTURE_AUTORELEASING = YES;
				CLANG_WARN_BOOL_CONVERSION = YES;
				CLANG_WARN_COMMA = YES;
				CLANG_WARN_CONSTANT_CONVERSION = YES;
				CLANG_WARN_DEPRECATED_OBJC_IMPLEMENTATIONS = YES;
				CLANG_WARN_DIRECT_OBJC_ISA_USAGE = YES_ERROR;
				CLANG_WARN_DOCUMENTATION_COMMENTS = YES;
				CLANG_WARN_EMPTY_BODY = YES;
				CLANG_WARN_ENUM_CONVERSION = YES;
				CLANG_WARN_INFINITE_RECURSION = YES;
				CLANG_WARN_INT_CONVERSION = YES;
				CLANG_WARN_NON_LITERAL_NULL_CONVERSION = YES;
				CLANG_WARN_OBJC_IMPLICIT_RETAIN_SELF = YES;
				CLANG_WARN_OBJC_LITERAL_CONVERSION = YES;
				CLANG_WARN_OBJC_ROOT_CLASS = YES_ERROR;
				CLANG_WARN_QUOTED_INCLUDE_IN_FRAMEWORK_HEADER = YES;
				CLANG_WARN_RANGE_LOOP_ANALYSIS = YES;
				CLANG_WARN_STRICT_PROTOTYPES = YES;
				CLANG_WARN_SUSPICIOUS_MOVE = YES;
				CLANG_WARN_UNGUARDED_AVAILABILITY = YES_AGGRESSIVE;
				CLANG_WARN_UNREACHABLE_CODE = YES;
				CLANG_WARN__DUPLICATE_METHOD_MATCH = YES;
				COPY_PHASE_STRIP = NO;
				DEBUG_INFORMATION_FORMAT = dwarf;
				ENABLE_STRICT_OBJC_MSGSEND = YES;
				ENABLE_TESTABILITY = YES;
				GCC_C_LANGUAGE_STANDARD = gnu11;
				GCC_DYNAMIC_NO_PIC = NO;
				GCC_NO_COMMON_BLOCKS = YES;
				GCC_OPTIMIZATION_LEVEL = 0;
				GCC_PREPROCESSOR_DEFINITIONS = (
					"DEBUG=1",
					"$(inherited)",
				);
				GCC_WARN_64_TO_32_BIT_CONVERSION = YES;
				GCC_WARN_ABOUT_RETURN_TYPE = YES_ERROR;
				GCC_WARN_UNDECLARED_SELECTOR = YES;
				GCC_WARN_UNINITIALIZED_AUTOS = YES_AGGRESSIVE;
				GCC_WARN_UNUSED_FUNCTION = YES;
				GCC_WARN_UNUSED_VARIABLE = YES;
				IPHONEOS_DEPLOYMENT_TARGET = 16.4;
				MTL_ENABLE_DEBUG_INFO = INCLUDE_SOURCE;
				MTL_FAST_MATH = YES;
				ONLY_ACTIVE_ARCH = YES;
				SDKROOT = iphoneos;
				SWIFT_ACTIVE_COMPILATION_CONDITIONS = DEBUG;
				SWIFT_OPTIMIZATION_LEVEL = "-Onone";
			};
			name = Debug;
		};
		244EE6282A8E566500DEC441 /* Release */ = {
			isa = XCBuildConfiguration;
			buildSettings = {
				ALWAYS_SEARCH_USER_PATHS = NO;
				CLANG_ANALYZER_NONNULL = YES;
				CLANG_ANALYZER_NUMBER_OBJECT_CONVERSION = YES_AGGRESSIVE;
				CLANG_CXX_LANGUAGE_STANDARD = "gnu++20";
				CLANG_ENABLE_MODULES = YES;
				CLANG_ENABLE_OBJC_ARC = YES;
				CLANG_ENABLE_OBJC_WEAK = YES;
				CLANG_WARN_BLOCK_CAPTURE_AUTORELEASING = YES;
				CLANG_WARN_BOOL_CONVERSION = YES;
				CLANG_WARN_COMMA = YES;
				CLANG_WARN_CONSTANT_CONVERSION = YES;
				CLANG_WARN_DEPRECATED_OBJC_IMPLEMENTATIONS = YES;
				CLANG_WARN_DIRECT_OBJC_ISA_USAGE = YES_ERROR;
				CLANG_WARN_DOCUMENTATION_COMMENTS = YES;
				CLANG_WARN_EMPTY_BODY = YES;
				CLANG_WARN_ENUM_CONVERSION = YES;
				CLANG_WARN_INFINITE_RECURSION = YES;
				CLANG_WARN_INT_CONVERSION = YES;
				CLANG_WARN_NON_LITERAL_NULL_CONVERSION = YES;
				CLANG_WARN_OBJC_IMPLICIT_RETAIN_SELF = YES;
				CLANG_WARN_OBJC_LITERAL_CONVERSION = YES;
				CLANG_WARN_OBJC_ROOT_CLASS = YES_ERROR;
				CLANG_WARN_QUOTED_INCLUDE_IN_FRAMEWORK_HEADER = YES;
				CLANG_WARN_RANGE_LOOP_ANALYSIS = YES;
				CLANG_WARN_STRICT_PROTOTYPES = YES;
				CLANG_WARN_SUSPICIOUS_MOVE = YES;
				CLANG_WARN_UNGUARDED_AVAILABILITY = YES_AGGRESSIVE;
				CLANG_WARN_UNREACHABLE_CODE = YES;
				CLANG_WARN__DUPLICATE_METHOD_MATCH = YES;
				COPY_PHASE_STRIP = NO;
				DEBUG_INFORMATION_FORMAT = "dwarf-with-dsym";
				ENABLE_NS_ASSERTIONS = NO;
				ENABLE_STRICT_OBJC_MSGSEND = YES;
				GCC_C_LANGUAGE_STANDARD = gnu11;
				GCC_NO_COMMON_BLOCKS = YES;
				GCC_WARN_64_TO_32_BIT_CONVERSION = YES;
				GCC_WARN_ABOUT_RETURN_TYPE = YES_ERROR;
				GCC_WARN_UNDECLARED_SELECTOR = YES;
				GCC_WARN_UNINITIALIZED_AUTOS = YES_AGGRESSIVE;
				GCC_WARN_UNUSED_FUNCTION = YES;
				GCC_WARN_UNUSED_VARIABLE = YES;
				IPHONEOS_DEPLOYMENT_TARGET = 16.4;
				MTL_ENABLE_DEBUG_INFO = NO;
				MTL_FAST_MATH = YES;
				SDKROOT = iphoneos;
				SWIFT_COMPILATION_MODE = wholemodule;
				SWIFT_OPTIMIZATION_LEVEL = "-O";
				VALIDATE_PRODUCT = YES;
			};
			name = Release;
		};
		244EE62A2A8E566500DEC441 /* Debug */ = {
			isa = XCBuildConfiguration;
			buildSettings = {
				ASSETCATALOG_COMPILER_APPICON_NAME = AppIcon;
				ASSETCATALOG_COMPILER_GLOBAL_ACCENT_COLOR_NAME = AccentColor;
				CODE_SIGN_STYLE = Automatic;
				CURRENT_PROJECT_VERSION = 1;
				DEVELOPMENT_ASSET_PATHS = "\"TheWeatherAppThree/Preview Content\"";
				ENABLE_PREVIEWS = YES;
				GENERATE_INFOPLIST_FILE = YES;
				INFOPLIST_FILE = TheWeatherAppThree/Info.plist;
				INFOPLIST_KEY_LSApplicationCategoryType = "";
				INFOPLIST_KEY_NSLocalNetworkUsageDescription = "для получения данных о погоде по текущему местоположению";
				INFOPLIST_KEY_NSLocationWhenInUseUsageDescription = "\"please?\"";
				INFOPLIST_KEY_UIApplicationSceneManifest_Generation = YES;
				INFOPLIST_KEY_UIApplicationSupportsIndirectInputEvents = YES;
				INFOPLIST_KEY_UILaunchScreen_Generation = YES;
				INFOPLIST_KEY_UISupportedInterfaceOrientations_iPad = "UIInterfaceOrientationPortrait UIInterfaceOrientationPortraitUpsideDown UIInterfaceOrientationLandscapeLeft UIInterfaceOrientationLandscapeRight";
				INFOPLIST_KEY_UISupportedInterfaceOrientations_iPhone = "UIInterfaceOrientationPortrait UIInterfaceOrientationLandscapeLeft UIInterfaceOrientationLandscapeRight";
				LD_RUNPATH_SEARCH_PATHS = (
					"$(inherited)",
					"@executable_path/Frameworks",
				);
				MARKETING_VERSION = 1.0;
				PRODUCT_BUNDLE_IDENTIFIER = me.TheWeatherAppThree;
				PRODUCT_NAME = "$(TARGET_NAME)";
				SWIFT_EMIT_LOC_STRINGS = YES;
				SWIFT_VERSION = 5.0;
				TARGETED_DEVICE_FAMILY = "1,2";
			};
			name = Debug;
		};
		244EE62B2A8E566500DEC441 /* Release */ = {
			isa = XCBuildConfiguration;
			buildSettings = {
				ASSETCATALOG_COMPILER_APPICON_NAME = AppIcon;
				ASSETCATALOG_COMPILER_GLOBAL_ACCENT_COLOR_NAME = AccentColor;
				CODE_SIGN_STYLE = Automatic;
				CURRENT_PROJECT_VERSION = 1;
				DEVELOPMENT_ASSET_PATHS = "\"TheWeatherAppThree/Preview Content\"";
				ENABLE_PREVIEWS = YES;
				GENERATE_INFOPLIST_FILE = YES;
				INFOPLIST_FILE = TheWeatherAppThree/Info.plist;
				INFOPLIST_KEY_LSApplicationCategoryType = "";
				INFOPLIST_KEY_NSLocalNetworkUsageDescription = "для получения данных о погоде по текущему местоположению";
				INFOPLIST_KEY_NSLocationWhenInUseUsageDescription = "\"please?\"";
				INFOPLIST_KEY_UIApplicationSceneManifest_Generation = YES;
				INFOPLIST_KEY_UIApplicationSupportsIndirectInputEvents = YES;
				INFOPLIST_KEY_UILaunchScreen_Generation = YES;
				INFOPLIST_KEY_UISupportedInterfaceOrientations_iPad = "UIInterfaceOrientationPortrait UIInterfaceOrientationPortraitUpsideDown UIInterfaceOrientationLandscapeLeft UIInterfaceOrientationLandscapeRight";
				INFOPLIST_KEY_UISupportedInterfaceOrientations_iPhone = "UIInterfaceOrientationPortrait UIInterfaceOrientationLandscapeLeft UIInterfaceOrientationLandscapeRight";
				LD_RUNPATH_SEARCH_PATHS = (
					"$(inherited)",
					"@executable_path/Frameworks",
				);
				MARKETING_VERSION = 1.0;
				PRODUCT_BUNDLE_IDENTIFIER = me.TheWeatherAppThree;
				PRODUCT_NAME = "$(TARGET_NAME)";
				SWIFT_EMIT_LOC_STRINGS = YES;
				SWIFT_VERSION = 5.0;
				TARGETED_DEVICE_FAMILY = "1,2";
			};
			name = Release;
		};
/* End XCBuildConfiguration section */

/* Begin XCConfigurationList section */
		244EE6162A8E566400DEC441 /* Build configuration list for PBXProject "TheWeatherAppThree" */ = {
			isa = XCConfigurationList;
			buildConfigurations = (
				244EE6272A8E566500DEC441 /* Debug */,
				244EE6282A8E566500DEC441 /* Release */,
			);
			defaultConfigurationIsVisible = 0;
			defaultConfigurationName = Release;
		};
		244EE6292A8E566500DEC441 /* Build configuration list for PBXNativeTarget "TheWeatherAppThree" */ = {
			isa = XCConfigurationList;
			buildConfigurations = (
				244EE62A2A8E566500DEC441 /* Debug */,
				244EE62B2A8E566500DEC441 /* Release */,
			);
			defaultConfigurationIsVisible = 0;
			defaultConfigurationName = Release;
		};
/* End XCConfigurationList section */
	};
	rootObject = 244EE6132A8E566400DEC441 /* Project object */;
}
